
Microsoft Visual Studio Solution File, Format Version 12.00
# Visual Studio 15
VisualStudioVersion = 15.0.28307.1525
MinimumVisualStudioVersion = 10.0.40219.1
Project("{FAE04EC0-301F-11D3-BF4B-00C04F79EFBC}") = "RaidsBot", "RaidsBot\RaidsBot.csproj", "{FE8E586C-16AC-49F5-8298-080AB09078C6}"
EndProject
Global
	GlobalSection(SolutionConfigurationPlatforms) = preSolution
		Debug|Any CPU = Debug|Any CPU
		Release|Any CPU = Release|Any CPU
	EndGlobalSection
	GlobalSection(ProjectConfigurationPlatforms) = postSolution
		{FE8E586C-16AC-49F5-8298-080AB09078C6}.Debug|Any CPU.ActiveCfg = Debug|Any CPU
		{FE8E586C-16AC-49F5-8298-080AB09078C6}.Debug|Any CPU.Build.0 = Debug|Any CPU
		{FE8E586C-16AC-49F5-8298-080AB09078C6}.Release|Any CPU.ActiveCfg = Release|Any CPU
		{FE8E586C-16AC-49F5-8298-080AB09078C6}.Release|Any CPU.Build.0 = Release|Any CPU
	EndGlobalSection
	GlobalSection(SolutionProperties) = preSolution
		HideSolutionNode = FALSE
	EndGlobalSection
	GlobalSection(ExtensibilityGlobals) = postSolution
		SolutionGuid = {511E56A9-AE77-44F5-9E0F-4CCD18D5DC01}
	EndGlobalSection
EndGlobal
